
Microsoft Visual Studio Solution File, Format Version 12.00
# Visual Studio Version 17
VisualStudioVersion = 17.9.34902.65
MinimumVisualStudioVersion = 10.0.40219.1
Project("{8BC9CEB8-8B4A-11D0-8D11-00A0C91BC942}") = "CozyFishFarmEditor", "CozyFishFarmEditor.vcxproj", "{22F21D82-229C-41D8-9B04-79D8FE0C7241}"
EndProject
Global
	GlobalSection(SolutionConfigurationPlatforms) = preSolution
		Debug|x64 = Debug|x64
		Debug|x86 = Debug|x86
		Release|x64 = Release|x64
		Release|x86 = Release|x86
	EndGlobalSection
	GlobalSection(ProjectConfigurationPlatforms) = postSolution
		{22F21D82-229C-41D8-9B04-79D8FE0C7241}.Debug|x64.ActiveCfg = Debug|x64
		{22F21D82-229C-41D8-9B04-79D8FE0C7241}.Debug|x64.Build.0 = Debug|x64
		{22F21D82-229C-41D8-9B04-79D8FE0C7241}.Debug|x86.ActiveCfg = Debug|Win32
		{22F21D82-229C-41D8-9B04-79D8FE0C7241}.Debug|x86.Build.0 = Debug|Win32
		{22F21D82-229C-41D8-9B04-79D8FE0C7241}.Release|x64.ActiveCfg = Release|x64
		{22F21D82-229C-41D8-9B04-79D8FE0C7241}.Release|x64.Build.0 = Release|x64
		{22F21D82-229C-41D8-9B04-79D8FE0C7241}.Release|x86.ActiveCfg = Release|Win32
		{22F21D82-229C-41D8-9B04-79D8FE0C7241}.Release|x86.Build.0 = Release|Win32
	EndGlobalSection
	GlobalSection(SolutionProperties) = preSolution
		HideSolutionNode = FALSE
	EndGlobalSection
	GlobalSection(ExtensibilityGlobals) = postSolution
		SolutionGuid = {6FB83338-09DE-4C14-AC6D-F0020D392229}
	EndGlobalSection
EndGlobal
